
Microsoft Visual Studio Solution File, Format Version 12.00
# Visual Studio Version 17
VisualStudioVersion = 17.5.33516.290
MinimumVisualStudioVersion = 10.0.40219.1
Project("{FAE04EC0-301F-11D3-BF4B-00C04F79EFBC}") = "ServerProgram", "ServerProgram\ServerProgram.csproj", "{9197E2D8-4F9A-473A-82B5-FBB862068073}"
EndProject
Global
	GlobalSection(SolutionConfigurationPlatforms) = preSolution
		Debug|Any CPU = Debug|Any CPU
		Release|Any CPU = Release|Any CPU
	EndGlobalSection
	GlobalSection(ProjectConfigurationPlatforms) = postSolution
		{9197E2D8-4F9A-473A-82B5-FBB862068073}.Debug|Any CPU.ActiveCfg = Debug|Any CPU
		{9197E2D8-4F9A-473A-82B5-FBB862068073}.Debug|Any CPU.Build.0 = Debug|Any CPU
		{9197E2D8-4F9A-473A-82B5-FBB862068073}.Release|Any CPU.ActiveCfg = Release|Any CPU
		{9197E2D8-4F9A-473A-82B5-FBB862068073}.Release|Any CPU.Build.0 = Release|Any CPU
	EndGlobalSection
	GlobalSection(SolutionProperties) = preSolution
		HideSolutionNode = FALSE
	EndGlobalSection
	GlobalSection(ExtensibilityGlobals) = postSolution
		SolutionGuid = {E0D226CB-E166-4236-8F69-E6A8BC9B6FA2}
	EndGlobalSection
EndGlobal
