
Microsoft Visual Studio Solution File, Format Version 12.00
# Visual Studio Version 17
VisualStudioVersion = 17.5.33516.290
MinimumVisualStudioVersion = 10.0.40219.1
Project("{FAE04EC0-301F-11D3-BF4B-00C04F79EFBC}") = "ServerProgram", "ServerProgram.csproj", "{A26AB839-F685-448C-A316-1E14DE813738}"
EndProject
Global
	GlobalSection(SolutionConfigurationPlatforms) = preSolution
		Debug|Any CPU = Debug|Any CPU
		Release|Any CPU = Release|Any CPU
	EndGlobalSection
	GlobalSection(ProjectConfigurationPlatforms) = postSolution
		{A26AB839-F685-448C-A316-1E14DE813738}.Debug|Any CPU.ActiveCfg = Debug|Any CPU
		{A26AB839-F685-448C-A316-1E14DE813738}.Debug|Any CPU.Build.0 = Debug|Any CPU
		{A26AB839-F685-448C-A316-1E14DE813738}.Release|Any CPU.ActiveCfg = Release|Any CPU
		{A26AB839-F685-448C-A316-1E14DE813738}.Release|Any CPU.Build.0 = Release|Any CPU
	EndGlobalSection
	GlobalSection(SolutionProperties) = preSolution
		HideSolutionNode = FALSE
	EndGlobalSection
	GlobalSection(ExtensibilityGlobals) = postSolution
		SolutionGuid = {73B62C8F-A582-4751-8DAD-06928C0B4FF2}
	EndGlobalSection
EndGlobal
